
Microsoft Visual Studio Solution File, Format Version 12.00
# Visual Studio 2013
VisualStudioVersion = 12.0.21005.1
MinimumVisualStudioVersion = 10.0.40219.1
Project("{FAE04EC0-301F-11D3-BF4B-00C04F79EFBC}") = "BuilderDesignPattern", "BuilderDesignPattern.csproj", "{854C0BDC-BF3E-42F2-A994-E895D9B7509A}"
EndProject
Project("{F088123C-0E9E-452A-89E6-6BA2F21D5CAC}") = "ModelingProject1", "..\ModelingProject1\ModelingProject1.modelproj", "{963D53BF-CD70-4685-9AC5-0A8CB8325F9E}"
EndProject
Global
	GlobalSection(SolutionConfigurationPlatforms) = preSolution
		Debug|Any CPU = Debug|Any CPU
		Release|Any CPU = Release|Any CPU
	EndGlobalSection
	GlobalSection(ProjectConfigurationPlatforms) = postSolution
		{854C0BDC-BF3E-42F2-A994-E895D9B7509A}.Debug|Any CPU.ActiveCfg = Debug|Any CPU
		{854C0BDC-BF3E-42F2-A994-E895D9B7509A}.Debug|Any CPU.Build.0 = Debug|Any CPU
		{854C0BDC-BF3E-42F2-A994-E895D9B7509A}.Release|Any CPU.ActiveCfg = Release|Any CPU
		{854C0BDC-BF3E-42F2-A994-E895D9B7509A}.Release|Any CPU.Build.0 = Release|Any CPU
		{963D53BF-CD70-4685-9AC5-0A8CB8325F9E}.Debug|Any CPU.ActiveCfg = Debug|Any CPU
		{963D53BF-CD70-4685-9AC5-0A8CB8325F9E}.Debug|Any CPU.Build.0 = Debug|Any CPU
		{963D53BF-CD70-4685-9AC5-0A8CB8325F9E}.Release|Any CPU.ActiveCfg = Release|Any CPU
		{963D53BF-CD70-4685-9AC5-0A8CB8325F9E}.Release|Any CPU.Build.0 = Release|Any CPU
	EndGlobalSection
	GlobalSection(SolutionProperties) = preSolution
		HideSolutionNode = FALSE
	EndGlobalSection
EndGlobal
